
Microsoft Visual Studio Solution File, Format Version 12.00
# Visual Studio Version 16
VisualStudioVersion = 16.0.29911.84
MinimumVisualStudioVersion = 10.0.40219.1
Project("{9A19103F-16F7-4668-BE54-9A1E7A4F7556}") = "Data", "Data\Data.csproj", "{A48558FD-86C0-444E-969C-DBE3AD7C97C9}"
EndProject
Project("{9A19103F-16F7-4668-BE54-9A1E7A4F7556}") = "Business", "Business\Business.csproj", "{30B1982B-DBF7-4E60-A114-2A302558D153}"
EndProject
Project("{9A19103F-16F7-4668-BE54-9A1E7A4F7556}") = "WebApi", "WebApi\WebApi.csproj", "{307D1197-59A8-4A86-8737-E2E1465E5EAA}"
EndProject
Project("{9A19103F-16F7-4668-BE54-9A1E7A4F7556}") = "Library.Tests", "Library.Tests\Library.Tests.csproj", "{599DA754-F5A0-4B88-BBBD-9462775A906B}"
EndProject
Global
	GlobalSection(SolutionConfigurationPlatforms) = preSolution
		Debug|Any CPU = Debug|Any CPU
		Release|Any CPU = Release|Any CPU
	EndGlobalSection
	GlobalSection(ProjectConfigurationPlatforms) = postSolution
		{A48558FD-86C0-444E-969C-DBE3AD7C97C9}.Debug|Any CPU.ActiveCfg = Debug|Any CPU
		{A48558FD-86C0-444E-969C-DBE3AD7C97C9}.Debug|Any CPU.Build.0 = Debug|Any CPU
		{A48558FD-86C0-444E-969C-DBE3AD7C97C9}.Release|Any CPU.ActiveCfg = Release|Any CPU
		{A48558FD-86C0-444E-969C-DBE3AD7C97C9}.Release|Any CPU.Build.0 = Release|Any CPU
		{30B1982B-DBF7-4E60-A114-2A302558D153}.Debug|Any CPU.ActiveCfg = Debug|Any CPU
		{30B1982B-DBF7-4E60-A114-2A302558D153}.Debug|Any CPU.Build.0 = Debug|Any CPU
		{30B1982B-DBF7-4E60-A114-2A302558D153}.Release|Any CPU.ActiveCfg = Release|Any CPU
		{30B1982B-DBF7-4E60-A114-2A302558D153}.Release|Any CPU.Build.0 = Release|Any CPU
		{307D1197-59A8-4A86-8737-E2E1465E5EAA}.Debug|Any CPU.ActiveCfg = Debug|Any CPU
		{307D1197-59A8-4A86-8737-E2E1465E5EAA}.Debug|Any CPU.Build.0 = Debug|Any CPU
		{307D1197-59A8-4A86-8737-E2E1465E5EAA}.Release|Any CPU.ActiveCfg = Release|Any CPU
		{307D1197-59A8-4A86-8737-E2E1465E5EAA}.Release|Any CPU.Build.0 = Release|Any CPU
		{599DA754-F5A0-4B88-BBBD-9462775A906B}.Debug|Any CPU.ActiveCfg = Debug|Any CPU
		{599DA754-F5A0-4B88-BBBD-9462775A906B}.Debug|Any CPU.Build.0 = Debug|Any CPU
		{599DA754-F5A0-4B88-BBBD-9462775A906B}.Release|Any CPU.ActiveCfg = Release|Any CPU
		{599DA754-F5A0-4B88-BBBD-9462775A906B}.Release|Any CPU.Build.0 = Release|Any CPU
	EndGlobalSection
	GlobalSection(SolutionProperties) = preSolution
		HideSolutionNode = FALSE
	EndGlobalSection
	GlobalSection(ExtensibilityGlobals) = postSolution
		SolutionGuid = {53DF3F1D-3A43-474B-8031-3C36BFE8E25B}
	EndGlobalSection
EndGlobal
